
Microsoft Visual Studio Solution File, Format Version 12.00
# Visual Studio 15
VisualStudioVersion = 15.0.27703.2042
MinimumVisualStudioVersion = 10.0.40219.1
Project("{FAE04EC0-301F-11D3-BF4B-00C04F79EFBC}") = "Lab-SQLServer-User", "Lab-SQLServer-User\Lab-SQLServer-User.csproj", "{1460746B-DF96-487D-8850-A75263EBE47C}"
EndProject
Global
	GlobalSection(SolutionConfigurationPlatforms) = preSolution
		Debug|Any CPU = Debug|Any CPU
		Release|Any CPU = Release|Any CPU
	EndGlobalSection
	GlobalSection(ProjectConfigurationPlatforms) = postSolution
		{1460746B-DF96-487D-8850-A75263EBE47C}.Debug|Any CPU.ActiveCfg = Debug|Any CPU
		{1460746B-DF96-487D-8850-A75263EBE47C}.Debug|Any CPU.Build.0 = Debug|Any CPU
		{1460746B-DF96-487D-8850-A75263EBE47C}.Release|Any CPU.ActiveCfg = Release|Any CPU
		{1460746B-DF96-487D-8850-A75263EBE47C}.Release|Any CPU.Build.0 = Release|Any CPU
	EndGlobalSection
	GlobalSection(SolutionProperties) = preSolution
		HideSolutionNode = FALSE
	EndGlobalSection
	GlobalSection(ExtensibilityGlobals) = postSolution
		SolutionGuid = {1B7D37D3-D852-4AB5-968A-67F2FA612EAF}
	EndGlobalSection
EndGlobal
